
Microsoft Visual Studio Solution File, Format Version 12.00
# Visual Studio 15
Project("{FAE04EC0-301F-11D3-BF4B-00C04F79EFBC}") = "Assembly-CSharp", "Assembly-CSharp.csproj", "{99F7EDAF-EF5B-0860-084D-176E6B92BE15}"
EndProject
Project("{FAE04EC0-301F-11D3-BF4B-00C04F79EFBC}") = "Assembly-CSharp-firstpass", "Assembly-CSharp-firstpass.csproj", "{0BCDC48B-2DD4-78A4-1042-EC6E1760BBB9}"
EndProject
Project("{FAE04EC0-301F-11D3-BF4B-00C04F79EFBC}") = "Assembly-CSharp-Editor-firstpass", "Assembly-CSharp-Editor-firstpass.csproj", "{16227FCD-B37B-9BA7-92EA-31AF921AC23A}"
EndProject
Global
	GlobalSection(SolutionConfigurationPlatforms) = preSolution
		Debug|Any CPU = Debug|Any CPU
		Release|Any CPU = Release|Any CPU
	EndGlobalSection
	GlobalSection(ProjectConfigurationPlatforms) = postSolution
		{99F7EDAF-EF5B-0860-084D-176E6B92BE15}.Debug|Any CPU.ActiveCfg = Debug|Any CPU
		{99F7EDAF-EF5B-0860-084D-176E6B92BE15}.Debug|Any CPU.Build.0 = Debug|Any CPU
		{99F7EDAF-EF5B-0860-084D-176E6B92BE15}.Release|Any CPU.ActiveCfg = Release|Any CPU
		{99F7EDAF-EF5B-0860-084D-176E6B92BE15}.Release|Any CPU.Build.0 = Release|Any CPU
		{0BCDC48B-2DD4-78A4-1042-EC6E1760BBB9}.Debug|Any CPU.ActiveCfg = Debug|Any CPU
		{0BCDC48B-2DD4-78A4-1042-EC6E1760BBB9}.Debug|Any CPU.Build.0 = Debug|Any CPU
		{0BCDC48B-2DD4-78A4-1042-EC6E1760BBB9}.Release|Any CPU.ActiveCfg = Release|Any CPU
		{0BCDC48B-2DD4-78A4-1042-EC6E1760BBB9}.Release|Any CPU.Build.0 = Release|Any CPU
		{16227FCD-B37B-9BA7-92EA-31AF921AC23A}.Debug|Any CPU.ActiveCfg = Debug|Any CPU
		{16227FCD-B37B-9BA7-92EA-31AF921AC23A}.Debug|Any CPU.Build.0 = Debug|Any CPU
		{16227FCD-B37B-9BA7-92EA-31AF921AC23A}.Release|Any CPU.ActiveCfg = Release|Any CPU
		{16227FCD-B37B-9BA7-92EA-31AF921AC23A}.Release|Any CPU.Build.0 = Release|Any CPU
	EndGlobalSection
	GlobalSection(SolutionProperties) = preSolution
		HideSolutionNode = FALSE
	EndGlobalSection
EndGlobal
